
Microsoft Visual Studio Solution File, Format Version 12.00
# Visual Studio Version 16
VisualStudioVersion = 16.0.31702.278
MinimumVisualStudioVersion = 10.0.40219.1
Project("{FAE04EC0-301F-11D3-BF4B-00C04F79EFBC}") = "getbiz_custom_app", "getbiz_custom_app.csproj", "{4C6B2C40-0A88-431F-9842-7F6547B88CDF}"
EndProject
Global
	GlobalSection(SolutionConfigurationPlatforms) = preSolution
		Debug|Any CPU = Debug|Any CPU
		Release|Any CPU = Release|Any CPU
	EndGlobalSection
	GlobalSection(ProjectConfigurationPlatforms) = postSolution
		{4C6B2C40-0A88-431F-9842-7F6547B88CDF}.Debug|Any CPU.ActiveCfg = Debug|Any CPU
		{4C6B2C40-0A88-431F-9842-7F6547B88CDF}.Debug|Any CPU.Build.0 = Debug|Any CPU
		{4C6B2C40-0A88-431F-9842-7F6547B88CDF}.Release|Any CPU.ActiveCfg = Release|Any CPU
		{4C6B2C40-0A88-431F-9842-7F6547B88CDF}.Release|Any CPU.Build.0 = Release|Any CPU
	EndGlobalSection
	GlobalSection(SolutionProperties) = preSolution
		HideSolutionNode = FALSE
	EndGlobalSection
	GlobalSection(ExtensibilityGlobals) = postSolution
		SolutionGuid = {C660DC60-1206-4C27-9717-3CE04F7D66D9}
	EndGlobalSection
EndGlobal
